# Linux worker resolution. Core ASR requirements are declared in requirements.txt.
anyio==4.15.1
av==19.0.1
certifi==2026.7.22
click==8.5.0
ctranslate2==4.8.2
faster-whisper==1.2.1
filelock==4.1.0
flatbuffers==25.12.19
fsspec==2026.9.0
h11==0.16.0
hf-xet==1.7.0
httpcore==1.0.9
httpcore2==2.13.1
httpx==0.28.1
httpx2==2.13.1
huggingface_hub==2.2.0
idna==3.20
iniconfig==2.3.1
numpy==2.5.3
onnxruntime==1.31.0
packaging==26.3
pluggy==1.6.0
protobuf==7.36.2
pytest==8.3.5
PyYAML==6.0.3
tokenizers==0.23.3
tqdm==4.70.1
truststore==0.10.4
typing_extensions==4.16.0
